// !$*UTF8*$!
{
	archiveVersion = 1;
	classes = {
	};
	objectVersion = 50;
	objects = {

/* Begin PBXBuildFile section */
		4B825BA320F5D06E00C2FD64 /* aeskey.c in Sources */ = {isa = PBXBuildFile; fileRef = 4B825B5520F5D06E00C2FD64 /* aeskey.c */; };
		4B825BA420F5D06E00C2FD64 /* hmac.c in Sources */ = {isa = PBXBuildFile; fileRef = 4B825B5620F5D06E00C2FD64 /* hmac.c */; };
		4B825BA520F5D06E00C2FD64 /* CAR_AFHTTPSessionManager.m in Sources */ = {isa = PBXBuildFile; fileRef = 4B825B5720F5D06E00C2FD64 /* CAR_AFHTTPSessionManager.m */; };
		4B825BA620F5D06E00C2FD64 /* JKWKWebViewController.m in Sources */ = {isa = PBXBuildFile; fileRef = 4B825B5820F5D06E00C2FD64 /* JKWKWebViewController.m */; };
		4B825BA720F5D06E00C2FD64 /* .swift-version in Resources */ = {isa = PBXBuildFile; fileRef = 4B825B5B20F5D06E00C2FD64 /* .swift-version */; };
		4B825BA820F5D06E00C2FD64 /* JKEventHandler+Car.m in Sources */ = {isa = PBXBuildFile; fileRef = 4B825B5F20F5D06E00C2FD64 /* JKEventHandler+Car.m */; };
		4B825BA920F5D06E00C2FD64 /* unzip.c in Sources */ = {isa = PBXBuildFile; fileRef = 4B825B6120F5D06E00C2FD64 /* unzip.c */; };
		4B825BAA20F5D06E00C2FD64 /* CAR_AFURLResponseSerialization.m in Sources */ = {isa = PBXBuildFile; fileRef = 4B825B6220F5D06E00C2FD64 /* CAR_AFURLResponseSerialization.m */; };
		4B825BAB20F5D06E00C2FD64 /* aescrypt.c in Sources */ = {isa = PBXBuildFile; fileRef = 4B825B6420F5D06E00C2FD64 /* aescrypt.c */; };
		4B825BAC20F5D06E00C2FD64 /* zip.c in Sources */ = {isa = PBXBuildFile; fileRef = 4B825B6520F5D06E00C2FD64 /* zip.c */; };
		4B825BAD20F5D06E00C2FD64 /* CAR_AFSecurityPolicy.m in Sources */ = {isa = PBXBuildFile; fileRef = 4B825B6620F5D06E00C2FD64 /* CAR_AFSecurityPolicy.m */; };
		4B825BAE20F5D06E00C2FD64 /* CAR_AFURLRequestSerialization.m in Sources */ = {isa = PBXBuildFile; fileRef = 4B825B6720F5D06E00C2FD64 /* CAR_AFURLRequestSerialization.m */; };
		4B825BAF20F5D06E00C2FD64 /* fileenc.c in Sources */ = {isa = PBXBuildFile; fileRef = 4B825B6A20F5D06E00C2FD64 /* fileenc.c */; };
		4B825BB020F5D06E00C2FD64 /* ioapi.c in Sources */ = {isa = PBXBuildFile; fileRef = 4B825B6B20F5D06E00C2FD64 /* ioapi.c */; };
		4B825BB120F5D06E00C2FD64 /* UIView+frameAdjust.m in Sources */ = {isa = PBXBuildFile; fileRef = 4B825B6E20F5D06E00C2FD64 /* UIView+frameAdjust.m */; };
		4B825BB220F5D06E00C2FD64 /* mztools.c in Sources */ = {isa = PBXBuildFile; fileRef = 4B825B7120F5D06E00C2FD64 /* mztools.c */; };
		4B825BB320F5D06E00C2FD64 /* sha1.c in Sources */ = {isa = PBXBuildFile; fileRef = 4B825B7220F5D06E00C2FD64 /* sha1.c */; };
		4B825BB420F5D06E00C2FD64 /* CAR_AFNetworkReachabilityManager.m in Sources */ = {isa = PBXBuildFile; fileRef = 4B825B7320F5D06E00C2FD64 /* CAR_AFNetworkReachabilityManager.m */; };
		4B825BB520F5D06E00C2FD64 /* CAR_AFHTTPRequestOperation.m in Sources */ = {isa = PBXBuildFile; fileRef = 4B825B7620F5D06E00C2FD64 /* CAR_AFHTTPRequestOperation.m */; };
		4B825BB620F5D06E00C2FD64 /* CAR_AFHTTPRequestOperationManager.m in Sources */ = {isa = PBXBuildFile; fileRef = 4B825B7720F5D06E00C2FD64 /* CAR_AFHTTPRequestOperationManager.m */; };
		4B825BB720F5D06E00C2FD64 /* CarResource.bundle in Resources */ = {isa = PBXBuildFile; fileRef = 4B825B7820F5D06E00C2FD64 /* CarResource.bundle */; };
		4B825BB820F5D06E00C2FD64 /* JKEventHandler.m in Sources */ = {isa = PBXBuildFile; fileRef = 4B825B7C20F5D06E00C2FD64 /* JKEventHandler.m */; };
		4B825BB920F5D06E00C2FD64 /* CAR_AFURLConnectionOperation.m in Sources */ = {isa = PBXBuildFile; fileRef = 4B825B7E20F5D06E00C2FD64 /* CAR_AFURLConnectionOperation.m */; };
		4B825BBA20F5D06E00C2FD64 /* prng.c in Sources */ = {isa = PBXBuildFile; fileRef = 4B825B8420F5D06E00C2FD64 /* prng.c */; };
		4B825BBB20F5D06E00C2FD64 /* WelcomeViewController.m in Sources */ = {isa = PBXBuildFile; fileRef = 4B825B8520F5D06E00C2FD64 /* WelcomeViewController.m */; };
		4B825BBC20F5D06E00C2FD64 /* pwd2key.c in Sources */ = {isa = PBXBuildFile; fileRef = 4B825B8A20F5D06E00C2FD64 /* pwd2key.c */; };
		4B825BBD20F5D06E00C2FD64 /* UIColor+Util.m in Sources */ = {isa = PBXBuildFile; fileRef = 4B825B8C20F5D06E00C2FD64 /* UIColor+Util.m */; };
		4B825BBE20F5D06E00C2FD64 /* CarBundleTool.m in Sources */ = {isa = PBXBuildFile; fileRef = 4B825B9020F5D06E00C2FD64 /* CarBundleTool.m */; };
		4B825BBF20F5D06E00C2FD64 /* aestab.c in Sources */ = {isa = PBXBuildFile; fileRef = 4B825B9120F5D06E00C2FD64 /* aestab.c */; };
		4B825BC020F5D06E00C2FD64 /* LoadingProgressView.m in Sources */ = {isa = PBXBuildFile; fileRef = 4B825B9420F5D06E00C2FD64 /* LoadingProgressView.m */; };
		4B825BC120F5D06E00C2FD64 /* CAR_AFURLSessionManager.m in Sources */ = {isa = PBXBuildFile; fileRef = 4B825B9720F5D06E00C2FD64 /* CAR_AFURLSessionManager.m */; };
		4B825BC220F5D06E00C2FD64 /* entropy.c in Sources */ = {isa = PBXBuildFile; fileRef = 4B825B9B20F5D06E00C2FD64 /* entropy.c */; };
		4B825BC320F5D06E00C2FD64 /* SSZipArchive.m in Sources */ = {isa = PBXBuildFile; fileRef = 4B825B9C20F5D06E00C2FD64 /* SSZipArchive.m */; };
		4B825BC420F5D06E00C2FD64 /* Info.plist in Resources */ = {isa = PBXBuildFile; fileRef = 4B825B9D20F5D06E00C2FD64 /* Info.plist */; };
		4B825BC520F5D06E00C2FD64 /* LoadFailedAlertView.m in Sources */ = {isa = PBXBuildFile; fileRef = 4B825B9E20F5D06E00C2FD64 /* LoadFailedAlertView.m */; };
		4B825BC620F5D06E00C2FD64 /* ShareManager.m in Sources */ = {isa = PBXBuildFile; fileRef = 4B825BA020F5D06E00C2FD64 /* ShareManager.m */; };
		4B92A7C920F5AB89005B6EEE /* AppDelegate.m in Sources */ = {isa = PBXBuildFile; fileRef = 4B92A7C820F5AB89005B6EEE /* AppDelegate.m */; };
		4B92A7CC20F5AB89005B6EEE /* ViewController.m in Sources */ = {isa = PBXBuildFile; fileRef = 4B92A7CB20F5AB89005B6EEE /* ViewController.m */; };
		4B92A7CF20F5AB89005B6EEE /* Main.storyboard in Resources */ = {isa = PBXBuildFile; fileRef = 4B92A7CD20F5AB89005B6EEE /* Main.storyboard */; };
		4B92A7D120F5AB89005B6EEE /* Assets.xcassets in Resources */ = {isa = PBXBuildFile; fileRef = 4B92A7D020F5AB89005B6EEE /* Assets.xcassets */; };
		4B92A7D420F5AB89005B6EEE /* LaunchScreen.storyboard in Resources */ = {isa = PBXBuildFile; fileRef = 4B92A7D220F5AB89005B6EEE /* LaunchScreen.storyboard */; };
		4B92A7D720F5AB89005B6EEE /* main.m in Sources */ = {isa = PBXBuildFile; fileRef = 4B92A7D620F5AB89005B6EEE /* main.m */; };
/* End PBXBuildFile section */

/* Begin PBXFileReference section */
		4B825B5320F5D06E00C2FD64 /* prng.h */ = {isa = PBXFileReference; fileEncoding = 4; lastKnownFileType = sourcecode.c.h; path = prng.h; sourceTree = "<group>"; };
		4B825B5420F5D06E00C2FD64 /* WelcomeViewController.h */ = {isa = PBXFileReference; fileEncoding = 4; lastKnownFileType = sourcecode.c.h; path = WelcomeViewController.h; sourceTree = "<group>"; };
		4B825B5520F5D06E00C2FD64 /* aeskey.c */ = {isa = PBXFileReference; fileEncoding = 4; lastKnownFileType = sourcecode.c.c; path = aeskey.c; sourceTree = "<group>"; };
		4B825B5620F5D06E00C2FD64 /* hmac.c */ = {isa = PBXFileReference; fileEncoding = 4; lastKnownFileType = sourcecode.c.c; path = hmac.c; sourceTree = "<group>"; };
		4B825B5720F5D06E00C2FD64 /* CAR_AFHTTPSessionManager.m */ = {isa = PBXFileReference; fileEncoding = 4; lastKnownFileType = sourcecode.c.objc; path = CAR_AFHTTPSessionManager.m; sourceTree = "<group>"; };
		4B825B5820F5D06E00C2FD64 /* JKWKWebViewController.m */ = {isa = PBXFileReference; fileEncoding = 4; lastKnownFileType = sourcecode.c.objc; path = JKWKWebViewController.m; sourceTree = "<group>"; };
		4B825B5920F5D06E00C2FD64 /* CAR_AFURLConnectionOperation.h */ = {isa = PBXFileReference; fileEncoding = 4; lastKnownFileType = sourcecode.c.h; path = CAR_AFURLConnectionOperation.h; sourceTree = "<group>"; };
		4B825B5A20F5D06E00C2FD64 /* JKEventHandler.h */ = {isa = PBXFileReference; fileEncoding = 4; lastKnownFileType = sourcecode.c.h; path = JKEventHandler.h; sourceTree = "<group>"; };
		4B825B5B20F5D06E00C2FD64 /* .swift-version */ = {isa = PBXFileReference; fileEncoding = 4; lastKnownFileType = text; path = ".swift-version"; sourceTree = "<group>"; };
		4B825B5C20F5D06E00C2FD64 /* JKWKWebViewHandler.h */ = {isa = PBXFileReference; fileEncoding = 4; lastKnownFileType = sourcecode.c.h; path = JKWKWebViewHandler.h; sourceTree = "<group>"; };
		4B825B5D20F5D06E00C2FD64 /* CarBundleTool.h */ = {isa = PBXFileReference; fileEncoding = 4; lastKnownFileType = sourcecode.c.h; path = CarBundleTool.h; sourceTree = "<group>"; };
		4B825B5E20F5D06E00C2FD64 /* aestab.h */ = {isa = PBXFileReference; fileEncoding = 4; lastKnownFileType = sourcecode.c.h; path = aestab.h; sourceTree = "<group>"; };
		4B825B5F20F5D06E00C2FD64 /* JKEventHandler+Car.m */ = {isa = PBXFileReference; fileEncoding = 4; lastKnownFileType = sourcecode.c.objc; path = "JKEventHandler+Car.m"; sourceTree = "<group>"; };
		4B825B6020F5D06E00C2FD64 /* UIColor+Util.h */ = {isa = PBXFileReference; fileEncoding = 4; lastKnownFileType = sourcecode.c.h; path = "UIColor+Util.h"; sourceTree = "<group>"; };
		4B825B6120F5D06E00C2FD64 /* unzip.c */ = {isa = PBXFileReference; fileEncoding = 4; lastKnownFileType = sourcecode.c.c; path = unzip.c; sourceTree = "<group>"; };
		4B825B6220F5D06E00C2FD64 /* CAR_AFURLResponseSerialization.m */ = {isa = PBXFileReference; fileEncoding = 4; lastKnownFileType = sourcecode.c.objc; path = CAR_AFURLResponseSerialization.m; sourceTree = "<group>"; };
		4B825B6320F5D06E00C2FD64 /* pwd2key.h */ = {isa = PBXFileReference; fileEncoding = 4; lastKnownFileType = sourcecode.c.h; path = pwd2key.h; sourceTree = "<group>"; };
		4B825B6420F5D06E00C2FD64 /* aescrypt.c */ = {isa = PBXFileReference; fileEncoding = 4; lastKnownFileType = sourcecode.c.c; path = aescrypt.c; sourceTree = "<group>"; };
		4B825B6520F5D06E00C2FD64 /* zip.c */ = {isa = PBXFileReference; fileEncoding = 4; lastKnownFileType = sourcecode.c.c; path = zip.c; sourceTree = "<group>"; };
		4B825B6620F5D06E00C2FD64 /* CAR_AFSecurityPolicy.m */ = {isa = PBXFileReference; fileEncoding = 4; lastKnownFileType = sourcecode.c.objc; path = CAR_AFSecurityPolicy.m; sourceTree = "<group>"; };
		4B825B6720F5D06E00C2FD64 /* CAR_AFURLRequestSerialization.m */ = {isa = PBXFileReference; fileEncoding = 4; lastKnownFileType = sourcecode.c.objc; path = CAR_AFURLRequestSerialization.m; sourceTree = "<group>"; };
		4B825B6820F5D06E00C2FD64 /* CAR_AFNetworking.h */ = {isa = PBXFileReference; fileEncoding = 4; lastKnownFileType = sourcecode.c.h; path = CAR_AFNetworking.h; sourceTree = "<group>"; };
		4B825B6920F5D06E00C2FD64 /* ZipArchive.h */ = {isa = PBXFileReference; fileEncoding = 4; lastKnownFileType = sourcecode.c.h; path = ZipArchive.h; sourceTree = "<group>"; };
		4B825B6A20F5D06E00C2FD64 /* fileenc.c */ = {isa = PBXFileReference; fileEncoding = 4; lastKnownFileType = sourcecode.c.c; path = fileenc.c; sourceTree = "<group>"; };
		4B825B6B20F5D06E00C2FD64 /* ioapi.c */ = {isa = PBXFileReference; fileEncoding = 4; lastKnownFileType = sourcecode.c.c; path = ioapi.c; sourceTree = "<group>"; };
		4B825B6C20F5D06E00C2FD64 /* aesopt.h */ = {isa = PBXFileReference; fileEncoding = 4; lastKnownFileType = sourcecode.c.h; path = aesopt.h; sourceTree = "<group>"; };
		4B825B6D20F5D06E00C2FD64 /* aes_via_ace.h */ = {isa = PBXFileReference; fileEncoding = 4; lastKnownFileType = sourcecode.c.h; path = aes_via_ace.h; sourceTree = "<group>"; };
		4B825B6E20F5D06E00C2FD64 /* UIView+frameAdjust.m */ = {isa = PBXFileReference; fileEncoding = 4; lastKnownFileType = sourcecode.c.objc; path = "UIView+frameAdjust.m"; sourceTree = "<group>"; };
		4B825B6F20F5D06E00C2FD64 /* CAR_AFURLSessionManager.h */ = {isa = PBXFileReference; fileEncoding = 4; lastKnownFileType = sourcecode.c.h; path = CAR_AFURLSessionManager.h; sourceTree = "<group>"; };
		4B825B7020F5D06E00C2FD64 /* LoadingProgressView.h */ = {isa = PBXFileReference; fileEncoding = 4; lastKnownFileType = sourcecode.c.h; path = LoadingProgressView.h; sourceTree = "<group>"; };
		4B825B7120F5D06E00C2FD64 /* mztools.c */ = {isa = PBXFileReference; fileEncoding = 4; lastKnownFileType = sourcecode.c.c; path = mztools.c; sourceTree = "<group>"; };
		4B825B7220F5D06E00C2FD64 /* sha1.c */ = {isa = PBXFileReference; fileEncoding = 4; lastKnownFileType = sourcecode.c.c; path = sha1.c; sourceTree = "<group>"; };
		4B825B7320F5D06E00C2FD64 /* CAR_AFNetworkReachabilityManager.m */ = {isa = PBXFileReference; fileEncoding = 4; lastKnownFileType = sourcecode.c.objc; path = CAR_AFNetworkReachabilityManager.m; sourceTree = "<group>"; };
		4B825B7420F5D06E00C2FD64 /* brg_types.h */ = {isa = PBXFileReference; fileEncoding = 4; lastKnownFileType = sourcecode.c.h; path = brg_types.h; sourceTree = "<group>"; };
		4B825B7520F5D06E00C2FD64 /* ShareManager.h */ = {isa = PBXFileReference; fileEncoding = 4; lastKnownFileType = sourcecode.c.h; path = ShareManager.h; sourceTree = "<group>"; };
		4B825B7620F5D06E00C2FD64 /* CAR_AFHTTPRequestOperation.m */ = {isa = PBXFileReference; fileEncoding = 4; lastKnownFileType = sourcecode.c.objc; path = CAR_AFHTTPRequestOperation.m; sourceTree = "<group>"; };
		4B825B7720F5D06E00C2FD64 /* CAR_AFHTTPRequestOperationManager.m */ = {isa = PBXFileReference; fileEncoding = 4; lastKnownFileType = sourcecode.c.objc; path = CAR_AFHTTPRequestOperationManager.m; sourceTree = "<group>"; };
		4B825B7820F5D06E00C2FD64 /* CarResource.bundle */ = {isa = PBXFileReference; lastKnownFileType = "wrapper.plug-in"; path = CarResource.bundle; sourceTree = "<group>"; };
		4B825B7920F5D06E00C2FD64 /* LoadFailedAlertView.h */ = {isa = PBXFileReference; fileEncoding = 4; lastKnownFileType = sourcecode.c.h; path = LoadFailedAlertView.h; sourceTree = "<group>"; };
		4B825B7A20F5D06E00C2FD64 /* SSZipArchive.h */ = {isa = PBXFileReference; fileEncoding = 4; lastKnownFileType = sourcecode.c.h; path = SSZipArchive.h; sourceTree = "<group>"; };
		4B825B7B20F5D06E00C2FD64 /* entropy.h */ = {isa = PBXFileReference; fileEncoding = 4; lastKnownFileType = sourcecode.c.h; path = entropy.h; sourceTree = "<group>"; };
		4B825B7C20F5D06E00C2FD64 /* JKEventHandler.m */ = {isa = PBXFileReference; fileEncoding = 4; lastKnownFileType = sourcecode.c.objc; path = JKEventHandler.m; sourceTree = "<group>"; };
		4B825B7D20F5D06E00C2FD64 /* CAR_AFHTTPSessionManager.h */ = {isa = PBXFileReference; fileEncoding = 4; lastKnownFileType = sourcecode.c.h; path = CAR_AFHTTPSessionManager.h; sourceTree = "<group>"; };
		4B825B7E20F5D06E00C2FD64 /* CAR_AFURLConnectionOperation.m */ = {isa = PBXFileReference; fileEncoding = 4; lastKnownFileType = sourcecode.c.objc; path = CAR_AFURLConnectionOperation.m; sourceTree = "<group>"; };
		4B825B7F20F5D06E00C2FD64 /* JKWKWebViewController.h */ = {isa = PBXFileReference; fileEncoding = 4; lastKnownFileType = sourcecode.c.h; path = JKWKWebViewController.h; sourceTree = "<group>"; };
		4B825B8020F5D06E00C2FD64 /* crypt.h */ = {isa = PBXFileReference; fileEncoding = 4; lastKnownFileType = sourcecode.c.h; path = crypt.h; sourceTree = "<group>"; };
		4B825B8120F5D06E00C2FD64 /* Common.h */ = {isa = PBXFileReference; fileEncoding = 4; lastKnownFileType = sourcecode.c.h; path = Common.h; sourceTree = "<group>"; };
		4B825B8220F5D06E00C2FD64 /* hmac.h */ = {isa = PBXFileReference; fileEncoding = 4; lastKnownFileType = sourcecode.c.h; path = hmac.h; sourceTree = "<group>"; };
		4B825B8320F5D06E00C2FD64 /* brg_endian.h */ = {isa = PBXFileReference; fileEncoding = 4; lastKnownFileType = sourcecode.c.h; path = brg_endian.h; sourceTree = "<group>"; };
		4B825B8420F5D06E00C2FD64 /* prng.c */ = {isa = PBXFileReference; fileEncoding = 4; lastKnownFileType = sourcecode.c.c; path = prng.c; sourceTree = "<group>"; };
		4B825B8520F5D06E00C2FD64 /* WelcomeViewController.m */ = {isa = PBXFileReference; fileEncoding = 4; lastKnownFileType = sourcecode.c.objc; path = WelcomeViewController.m; sourceTree = "<group>"; };
		4B825B8620F5D06E00C2FD64 /* aes.h */ = {isa = PBXFileReference; fileEncoding = 4; lastKnownFileType = sourcecode.c.h; path = aes.h; sourceTree = "<group>"; };
		4B825B8720F5D06E00C2FD64 /* zip.h */ = {isa = PBXFileReference; fileEncoding = 4; lastKnownFileType = sourcecode.c.h; path = zip.h; sourceTree = "<group>"; };
		4B825B8820F5D06E00C2FD64 /* CAR_AFURLRequestSerialization.h */ = {isa = PBXFileReference; fileEncoding = 4; lastKnownFileType = sourcecode.c.h; path = CAR_AFURLRequestSerialization.h; sourceTree = "<group>"; };
		4B825B8920F5D06E00C2FD64 /* CAR_AFSecurityPolicy.h */ = {isa = PBXFileReference; fileEncoding = 4; lastKnownFileType = sourcecode.c.h; path = CAR_AFSecurityPolicy.h; sourceTree = "<group>"; };
		4B825B8A20F5D06E00C2FD64 /* pwd2key.c */ = {isa = PBXFileReference; fileEncoding = 4; lastKnownFileType = sourcecode.c.c; path = pwd2key.c; sourceTree = "<group>"; };
		4B825B8B20F5D06E00C2FD64 /* CAR_AFURLResponseSerialization.h */ = {isa = PBXFileReference; fileEncoding = 4; lastKnownFileType = sourcecode.c.h; path = CAR_AFURLResponseSerialization.h; sourceTree = "<group>"; };
		4B825B8C20F5D06E00C2FD64 /* UIColor+Util.m */ = {isa = PBXFileReference; fileEncoding = 4; lastKnownFileType = sourcecode.c.objc; path = "UIColor+Util.m"; sourceTree = "<group>"; };
		4B825B8D20F5D06E00C2FD64 /* CarAppConstant.h */ = {isa = PBXFileReference; fileEncoding = 4; lastKnownFileType = sourcecode.c.h; path = CarAppConstant.h; sourceTree = "<group>"; };
		4B825B8E20F5D06E00C2FD64 /* JKEventHandler+Car.h */ = {isa = PBXFileReference; fileEncoding = 4; lastKnownFileType = sourcecode.c.h; path = "JKEventHandler+Car.h"; sourceTree = "<group>"; };
		4B825B8F20F5D06E00C2FD64 /* unzip.h */ = {isa = PBXFileReference; fileEncoding = 4; lastKnownFileType = sourcecode.c.h; path = unzip.h; sourceTree = "<group>"; };
		4B825B9020F5D06E00C2FD64 /* CarBundleTool.m */ = {isa = PBXFileReference; fileEncoding = 4; lastKnownFileType = sourcecode.c.objc; path = CarBundleTool.m; sourceTree = "<group>"; };
		4B825B9120F5D06E00C2FD64 /* aestab.c */ = {isa = PBXFileReference; fileEncoding = 4; lastKnownFileType = sourcecode.c.c; path = aestab.c; sourceTree = "<group>"; };
		4B825B9220F5D06E00C2FD64 /* sha1.h */ = {isa = PBXFileReference; fileEncoding = 4; lastKnownFileType = sourcecode.c.h; path = sha1.h; sourceTree = "<group>"; };
		4B825B9320F5D06E00C2FD64 /* CarAppSDK.h */ = {isa = PBXFileReference; fileEncoding = 4; lastKnownFileType = sourcecode.c.h; path = CarAppSDK.h; sourceTree = "<group>"; };
		4B825B9420F5D06E00C2FD64 /* LoadingProgressView.m */ = {isa = PBXFileReference; fileEncoding = 4; lastKnownFileType = sourcecode.c.objc; path = LoadingProgressView.m; sourceTree = "<group>"; };
		4B825B9520F5D06E00C2FD64 /* mztools.h */ = {isa = PBXFileReference; fileEncoding = 4; lastKnownFileType = sourcecode.c.h; path = mztools.h; sourceTree = "<group>"; };
		4B825B9620F5D06E00C2FD64 /* UIView+frameAdjust.h */ = {isa = PBXFileReference; fileEncoding = 4; lastKnownFileType = sourcecode.c.h; path = "UIView+frameAdjust.h"; sourceTree = "<group>"; };
		4B825B9720F5D06E00C2FD64 /* CAR_AFURLSessionManager.m */ = {isa = PBXFileReference; fileEncoding = 4; lastKnownFileType = sourcecode.c.objc; path = CAR_AFURLSessionManager.m; sourceTree = "<group>"; };
		4B825B9820F5D06E00C2FD64 /* fileenc.h */ = {isa = PBXFileReference; fileEncoding = 4; lastKnownFileType = sourcecode.c.h; path = fileenc.h; sourceTree = "<group>"; };
		4B825B9920F5D06E00C2FD64 /* ioapi.h */ = {isa = PBXFileReference; fileEncoding = 4; lastKnownFileType = sourcecode.c.h; path = ioapi.h; sourceTree = "<group>"; };
		4B825B9A20F5D06E00C2FD64 /* PrefixHeader.pch */ = {isa = PBXFileReference; fileEncoding = 4; lastKnownFileType = sourcecode.c.h; path = PrefixHeader.pch; sourceTree = "<group>"; };
		4B825B9B20F5D06E00C2FD64 /* entropy.c */ = {isa = PBXFileReference; fileEncoding = 4; lastKnownFileType = sourcecode.c.c; path = entropy.c; sourceTree = "<group>"; };
		4B825B9C20F5D06E00C2FD64 /* SSZipArchive.m */ = {isa = PBXFileReference; fileEncoding = 4; lastKnownFileType = sourcecode.c.objc; path = SSZipArchive.m; sourceTree = "<group>"; };
		4B825B9D20F5D06E00C2FD64 /* Info.plist */ = {isa = PBXFileReference; fileEncoding = 4; lastKnownFileType = text.plist.xml; path = Info.plist; sourceTree = "<group>"; };
		4B825B9E20F5D06E00C2FD64 /* LoadFailedAlertView.m */ = {isa = PBXFileReference; fileEncoding = 4; lastKnownFileType = sourcecode.c.objc; path = LoadFailedAlertView.m; sourceTree = "<group>"; };
		4B825B9F20F5D06E00C2FD64 /* CAR_AFHTTPRequestOperationManager.h */ = {isa = PBXFileReference; fileEncoding = 4; lastKnownFileType = sourcecode.c.h; path = CAR_AFHTTPRequestOperationManager.h; sourceTree = "<group>"; };
		4B825BA020F5D06E00C2FD64 /* ShareManager.m */ = {isa = PBXFileReference; fileEncoding = 4; lastKnownFileType = sourcecode.c.objc; path = ShareManager.m; sourceTree = "<group>"; };
		4B825BA120F5D06E00C2FD64 /* CAR_AFHTTPRequestOperation.h */ = {isa = PBXFileReference; fileEncoding = 4; lastKnownFileType = sourcecode.c.h; path = CAR_AFHTTPRequestOperation.h; sourceTree = "<group>"; };
		4B825BA220F5D06E00C2FD64 /* CAR_AFNetworkReachabilityManager.h */ = {isa = PBXFileReference; fileEncoding = 4; lastKnownFileType = sourcecode.c.h; path = CAR_AFNetworkReachabilityManager.h; sourceTree = "<group>"; };
		4B92A7C420F5AB89005B6EEE /* CarSDKiOS.app */ = {isa = PBXFileReference; explicitFileType = wrapper.application; includeInIndex = 0; path = CarSDKiOS.app; sourceTree = BUILT_PRODUCTS_DIR; };
		4B92A7C720F5AB89005B6EEE /* AppDelegate.h */ = {isa = PBXFileReference; lastKnownFileType = sourcecode.c.h; path = AppDelegate.h; sourceTree = "<group>"; };
		4B92A7C820F5AB89005B6EEE /* AppDelegate.m */ = {isa = PBXFileReference; lastKnownFileType = sourcecode.c.objc; path = AppDelegate.m; sourceTree = "<group>"; };
		4B92A7CA20F5AB89005B6EEE /* ViewController.h */ = {isa = PBXFileReference; lastKnownFileType = sourcecode.c.h; path = ViewController.h; sourceTree = "<group>"; };
		4B92A7CB20F5AB89005B6EEE /* ViewController.m */ = {isa = PBXFileReference; lastKnownFileType = sourcecode.c.objc; path = ViewController.m; sourceTree = "<group>"; };
		4B92A7CE20F5AB89005B6EEE /* Base */ = {isa = PBXFileReference; lastKnownFileType = file.storyboard; name = Base; path = Base.lproj/Main.storyboard; sourceTree = "<group>"; };
		4B92A7D020F5AB89005B6EEE /* Assets.xcassets */ = {isa = PBXFileReference; lastKnownFileType = folder.assetcatalog; path = Assets.xcassets; sourceTree = "<group>"; };
		4B92A7D320F5AB89005B6EEE /* Base */ = {isa = PBXFileReference; lastKnownFileType = file.storyboard; name = Base; path = Base.lproj/LaunchScreen.storyboard; sourceTree = "<group>"; };
		4B92A7D520F5AB89005B6EEE /* Info.plist */ = {isa = PBXFileReference; lastKnownFileType = text.plist.xml; path = Info.plist; sourceTree = "<group>"; };
		4B92A7D620F5AB89005B6EEE /* main.m */ = {isa = PBXFileReference; lastKnownFileType = sourcecode.c.objc; path = main.m; sourceTree = "<group>"; };
/* End PBXFileReference section */

/* Begin PBXFrameworksBuildPhase section */
		4B92A7C120F5AB89005B6EEE /* Frameworks */ = {
			isa = PBXFrameworksBuildPhase;
			buildActionMask = 2147483647;
			files = (
			);
			runOnlyForDeploymentPostprocessing = 0;
		};
/* End PBXFrameworksBuildPhase section */

/* Begin PBXGroup section */
		4B825B5220F5D06E00C2FD64 /* CarAppSDK */ = {
			isa = PBXGroup;
			children = (
				4B825B5320F5D06E00C2FD64 /* prng.h */,
				4B825B5420F5D06E00C2FD64 /* WelcomeViewController.h */,
				4B825B5520F5D06E00C2FD64 /* aeskey.c */,
				4B825B5620F5D06E00C2FD64 /* hmac.c */,
				4B825B5720F5D06E00C2FD64 /* CAR_AFHTTPSessionManager.m */,
				4B825B5820F5D06E00C2FD64 /* JKWKWebViewController.m */,
				4B825B5920F5D06E00C2FD64 /* CAR_AFURLConnectionOperation.h */,
				4B825B5A20F5D06E00C2FD64 /* JKEventHandler.h */,
				4B825B5B20F5D06E00C2FD64 /* .swift-version */,
				4B825B5C20F5D06E00C2FD64 /* JKWKWebViewHandler.h */,
				4B825B5D20F5D06E00C2FD64 /* CarBundleTool.h */,
				4B825B5E20F5D06E00C2FD64 /* aestab.h */,
				4B825B5F20F5D06E00C2FD64 /* JKEventHandler+Car.m */,
				4B825B6020F5D06E00C2FD64 /* UIColor+Util.h */,
				4B825B6120F5D06E00C2FD64 /* unzip.c */,
				4B825B6220F5D06E00C2FD64 /* CAR_AFURLResponseSerialization.m */,
				4B825B6320F5D06E00C2FD64 /* pwd2key.h */,
				4B825B6420F5D06E00C2FD64 /* aescrypt.c */,
				4B825B6520F5D06E00C2FD64 /* zip.c */,
				4B825B6620F5D06E00C2FD64 /* CAR_AFSecurityPolicy.m */,
				4B825B6720F5D06E00C2FD64 /* CAR_AFURLRequestSerialization.m */,
				4B825B6820F5D06E00C2FD64 /* CAR_AFNetworking.h */,
				4B825B6920F5D06E00C2FD64 /* ZipArchive.h */,
				4B825B6A20F5D06E00C2FD64 /* fileenc.c */,
				4B825B6B20F5D06E00C2FD64 /* ioapi.c */,
				4B825B6C20F5D06E00C2FD64 /* aesopt.h */,
				4B825B6D20F5D06E00C2FD64 /* aes_via_ace.h */,
				4B825B6E20F5D06E00C2FD64 /* UIView+frameAdjust.m */,
				4B825B6F20F5D06E00C2FD64 /* CAR_AFURLSessionManager.h */,
				4B825B7020F5D06E00C2FD64 /* LoadingProgressView.h */,
				4B825B7120F5D06E00C2FD64 /* mztools.c */,
				4B825B7220F5D06E00C2FD64 /* sha1.c */,
				4B825B7320F5D06E00C2FD64 /* CAR_AFNetworkReachabilityManager.m */,
				4B825B7420F5D06E00C2FD64 /* brg_types.h */,
				4B825B7520F5D06E00C2FD64 /* ShareManager.h */,
				4B825B7620F5D06E00C2FD64 /* CAR_AFHTTPRequestOperation.m */,
				4B825B7720F5D06E00C2FD64 /* CAR_AFHTTPRequestOperationManager.m */,
				4B825B7820F5D06E00C2FD64 /* CarResource.bundle */,
				4B825B7920F5D06E00C2FD64 /* LoadFailedAlertView.h */,
				4B825B7A20F5D06E00C2FD64 /* SSZipArchive.h */,
				4B825B7B20F5D06E00C2FD64 /* entropy.h */,
				4B825B7C20F5D06E00C2FD64 /* JKEventHandler.m */,
				4B825B7D20F5D06E00C2FD64 /* CAR_AFHTTPSessionManager.h */,
				4B825B7E20F5D06E00C2FD64 /* CAR_AFURLConnectionOperation.m */,
				4B825B7F20F5D06E00C2FD64 /* JKWKWebViewController.h */,
				4B825B8020F5D06E00C2FD64 /* crypt.h */,
				4B825B8120F5D06E00C2FD64 /* Common.h */,
				4B825B8220F5D06E00C2FD64 /* hmac.h */,
				4B825B8320F5D06E00C2FD64 /* brg_endian.h */,
				4B825B8420F5D06E00C2FD64 /* prng.c */,
				4B825B8520F5D06E00C2FD64 /* WelcomeViewController.m */,
				4B825B8620F5D06E00C2FD64 /* aes.h */,
				4B825B8720F5D06E00C2FD64 /* zip.h */,
				4B825B8820F5D06E00C2FD64 /* CAR_AFURLRequestSerialization.h */,
				4B825B8920F5D06E00C2FD64 /* CAR_AFSecurityPolicy.h */,
				4B825B8A20F5D06E00C2FD64 /* pwd2key.c */,
				4B825B8B20F5D06E00C2FD64 /* CAR_AFURLResponseSerialization.h */,
				4B825B8C20F5D06E00C2FD64 /* UIColor+Util.m */,
				4B825B8D20F5D06E00C2FD64 /* CarAppConstant.h */,
				4B825B8E20F5D06E00C2FD64 /* JKEventHandler+Car.h */,
				4B825B8F20F5D06E00C2FD64 /* unzip.h */,
				4B825B9020F5D06E00C2FD64 /* CarBundleTool.m */,
				4B825B9120F5D06E00C2FD64 /* aestab.c */,
				4B825B9220F5D06E00C2FD64 /* sha1.h */,
				4B825B9320F5D06E00C2FD64 /* CarAppSDK.h */,
				4B825B9420F5D06E00C2FD64 /* LoadingProgressView.m */,
				4B825B9520F5D06E00C2FD64 /* mztools.h */,
				4B825B9620F5D06E00C2FD64 /* UIView+frameAdjust.h */,
				4B825B9720F5D06E00C2FD64 /* CAR_AFURLSessionManager.m */,
				4B825B9820F5D06E00C2FD64 /* fileenc.h */,
				4B825B9920F5D06E00C2FD64 /* ioapi.h */,
				4B825B9A20F5D06E00C2FD64 /* PrefixHeader.pch */,
				4B825B9B20F5D06E00C2FD64 /* entropy.c */,
				4B825B9C20F5D06E00C2FD64 /* SSZipArchive.m */,
				4B825B9D20F5D06E00C2FD64 /* Info.plist */,
				4B825B9E20F5D06E00C2FD64 /* LoadFailedAlertView.m */,
				4B825B9F20F5D06E00C2FD64 /* CAR_AFHTTPRequestOperationManager.h */,
				4B825BA020F5D06E00C2FD64 /* ShareManager.m */,
				4B825BA120F5D06E00C2FD64 /* CAR_AFHTTPRequestOperation.h */,
				4B825BA220F5D06E00C2FD64 /* CAR_AFNetworkReachabilityManager.h */,
			);
			path = CarAppSDK;
			sourceTree = "<group>";
		};
		4B92A7BB20F5AB89005B6EEE = {
			isa = PBXGroup;
			children = (
				4B92A7C620F5AB89005B6EEE /* CarSDKiOS */,
				4B92A7C520F5AB89005B6EEE /* Products */,
			);
			sourceTree = "<group>";
		};
		4B92A7C520F5AB89005B6EEE /* Products */ = {
			isa = PBXGroup;
			children = (
				4B92A7C420F5AB89005B6EEE /* CarSDKiOS.app */,
			);
			name = Products;
			sourceTree = "<group>";
		};
		4B92A7C620F5AB89005B6EEE /* CarSDKiOS */ = {
			isa = PBXGroup;
			children = (
				4B825B5220F5D06E00C2FD64 /* CarAppSDK */,
				4B92A7C720F5AB89005B6EEE /* AppDelegate.h */,
				4B92A7C820F5AB89005B6EEE /* AppDelegate.m */,
				4B92A7CA20F5AB89005B6EEE /* ViewController.h */,
				4B92A7CB20F5AB89005B6EEE /* ViewController.m */,
				4B92A7CD20F5AB89005B6EEE /* Main.storyboard */,
				4B92A7D020F5AB89005B6EEE /* Assets.xcassets */,
				4B92A7D220F5AB89005B6EEE /* LaunchScreen.storyboard */,
				4B92A7D520F5AB89005B6EEE /* Info.plist */,
				4B92A7D620F5AB89005B6EEE /* main.m */,
			);
			path = CarSDKiOS;
			sourceTree = "<group>";
		};
/* End PBXGroup section */

/* Begin PBXNativeTarget section */
		4B92A7C320F5AB89005B6EEE /* CarSDKiOS */ = {
			isa = PBXNativeTarget;
			buildConfigurationList = 4B92A7DA20F5AB89005B6EEE /* Build configuration list for PBXNativeTarget "CarSDKiOS" */;
			buildPhases = (
				4B92A7C020F5AB89005B6EEE /* Sources */,
				4B92A7C120F5AB89005B6EEE /* Frameworks */,
				4B92A7C220F5AB89005B6EEE /* Resources */,
			);
			buildRules = (
			);
			dependencies = (
			);
			name = CarSDKiOS;
			productName = CarSDKiOS;
			productReference = 4B92A7C420F5AB89005B6EEE /* CarSDKiOS.app */;
			productType = "com.apple.product-type.application";
		};
/* End PBXNativeTarget section */

/* Begin PBXProject section */
		4B92A7BC20F5AB89005B6EEE /* Project object */ = {
			isa = PBXProject;
			attributes = {
				LastUpgradeCheck = 0930;
				ORGANIZATIONNAME = freedomTeam;
				TargetAttributes = {
					4B92A7C320F5AB89005B6EEE = {
						CreatedOnToolsVersion = 9.3;
					};
				};
			};
			buildConfigurationList = 4B92A7BF20F5AB89005B6EEE /* Build configuration list for PBXProject "CarSDKiOS" */;
			compatibilityVersion = "Xcode 9.3";
			developmentRegion = en;
			hasScannedForEncodings = 0;
			knownRegions = (
				en,
				Base,
			);
			mainGroup = 4B92A7BB20F5AB89005B6EEE;
			productRefGroup = 4B92A7C520F5AB89005B6EEE /* Products */;
			projectDirPath = "";
			projectRoot = "";
			targets = (
				4B92A7C320F5AB89005B6EEE /* CarSDKiOS */,
			);
		};
/* End PBXProject section */

/* Begin PBXResourcesBuildPhase section */
		4B92A7C220F5AB89005B6EEE /* Resources */ = {
			isa = PBXResourcesBuildPhase;
			buildActionMask = 2147483647;
			files = (
				4B825BA720F5D06E00C2FD64 /* .swift-version in Resources */,
				4B92A7D420F5AB89005B6EEE /* LaunchScreen.storyboard in Resources */,
				4B825BC420F5D06E00C2FD64 /* Info.plist in Resources */,
				4B825BB720F5D06E00C2FD64 /* CarResource.bundle in Resources */,
				4B92A7D120F5AB89005B6EEE /* Assets.xcassets in Resources */,
				4B92A7CF20F5AB89005B6EEE /* Main.storyboard in Resources */,
			);
			runOnlyForDeploymentPostprocessing = 0;
		};
/* End PBXResourcesBuildPhase section */

/* Begin PBXSourcesBuildPhase section */
		4B92A7C020F5AB89005B6EEE /* Sources */ = {
			isa = PBXSourcesBuildPhase;
			buildActionMask = 2147483647;
			files = (
				4B825BAA20F5D06E00C2FD64 /* CAR_AFURLResponseSerialization.m in Sources */,
				4B825BBF20F5D06E00C2FD64 /* aestab.c in Sources */,
				4B825BC120F5D06E00C2FD64 /* CAR_AFURLSessionManager.m in Sources */,
				4B825BA920F5D06E00C2FD64 /* unzip.c in Sources */,
				4B825BB220F5D06E00C2FD64 /* mztools.c in Sources */,
				4B825BBD20F5D06E00C2FD64 /* UIColor+Util.m in Sources */,
				4B825BBE20F5D06E00C2FD64 /* CarBundleTool.m in Sources */,
				4B825BAE20F5D06E00C2FD64 /* CAR_AFURLRequestSerialization.m in Sources */,
				4B825BB520F5D06E00C2FD64 /* CAR_AFHTTPRequestOperation.m in Sources */,
				4B825BAF20F5D06E00C2FD64 /* fileenc.c in Sources */,
				4B825BA420F5D06E00C2FD64 /* hmac.c in Sources */,
				4B825BB820F5D06E00C2FD64 /* JKEventHandler.m in Sources */,
				4B92A7CC20F5AB89005B6EEE /* ViewController.m in Sources */,
				4B825BC020F5D06E00C2FD64 /* LoadingProgressView.m in Sources */,
				4B825BB920F5D06E00C2FD64 /* CAR_AFURLConnectionOperation.m in Sources */,
				4B825BAB20F5D06E00C2FD64 /* aescrypt.c in Sources */,
				4B825BB620F5D06E00C2FD64 /* CAR_AFHTTPRequestOperationManager.m in Sources */,
				4B825BB120F5D06E00C2FD64 /* UIView+frameAdjust.m in Sources */,
				4B825BBB20F5D06E00C2FD64 /* WelcomeViewController.m in Sources */,
				4B825BA520F5D06E00C2FD64 /* CAR_AFHTTPSessionManager.m in Sources */,
				4B825BC320F5D06E00C2FD64 /* SSZipArchive.m in Sources */,
				4B825BC220F5D06E00C2FD64 /* entropy.c in Sources */,
				4B92A7D720F5AB89005B6EEE /* main.m in Sources */,
				4B825BBA20F5D06E00C2FD64 /* prng.c in Sources */,
				4B825BB420F5D06E00C2FD64 /* CAR_AFNetworkReachabilityManager.m in Sources */,
				4B92A7C920F5AB89005B6EEE /* AppDelegate.m in Sources */,
				4B825BB320F5D06E00C2FD64 /* sha1.c in Sources */,
				4B825BB020F5D06E00C2FD64 /* ioapi.c in Sources */,
				4B825BA820F5D06E00C2FD64 /* JKEventHandler+Car.m in Sources */,
				4B825BC520F5D06E00C2FD64 /* LoadFailedAlertView.m in Sources */,
				4B825BAD20F5D06E00C2FD64 /* CAR_AFSecurityPolicy.m in Sources */,
				4B825BC620F5D06E00C2FD64 /* ShareManager.m in Sources */,
				4B825BAC20F5D06E00C2FD64 /* zip.c in Sources */,
				4B825BA320F5D06E00C2FD64 /* aeskey.c in Sources */,
				4B825BBC20F5D06E00C2FD64 /* pwd2key.c in Sources */,
				4B825BA620F5D06E00C2FD64 /* JKWKWebViewController.m in Sources */,
			);
			runOnlyForDeploymentPostprocessing = 0;
		};
/* End PBXSourcesBuildPhase section */

/* Begin PBXVariantGroup section */
		4B92A7CD20F5AB89005B6EEE /* Main.storyboard */ = {
			isa = PBXVariantGroup;
			children = (
				4B92A7CE20F5AB89005B6EEE /* Base */,
			);
			name = Main.storyboard;
			sourceTree = "<group>";
		};
		4B92A7D220F5AB89005B6EEE /* LaunchScreen.storyboard */ = {
			isa = PBXVariantGroup;
			children = (
				4B92A7D320F5AB89005B6EEE /* Base */,
			);
			name = LaunchScreen.storyboard;
			sourceTree = "<group>";
		};
/* End PBXVariantGroup section */

/* Begin XCBuildConfiguration section */
		4B92A7D820F5AB89005B6EEE /* Debug */ = {
			isa = XCBuildConfiguration;
			buildSettings = {
				ALWAYS_SEARCH_USER_PATHS = NO;
				CLANG_ANALYZER_NONNULL = YES;
				CLANG_ANALYZER_NUMBER_OBJECT_CONVERSION = YES_AGGRESSIVE;
				CLANG_CXX_LANGUAGE_STANDARD = "gnu++14";
				CLANG_CXX_LIBRARY = "libc++";
				CLANG_ENABLE_MODULES = YES;
				CLANG_ENABLE_OBJC_ARC = YES;
				CLANG_ENABLE_OBJC_WEAK = YES;
				CLANG_WARN_BLOCK_CAPTURE_AUTORELEASING = YES;
				CLANG_WARN_BOOL_CONVERSION = YES;
				CLANG_WARN_COMMA = YES;
				CLANG_WARN_CONSTANT_CONVERSION = YES;
				CLANG_WARN_DEPRECATED_OBJC_IMPLEMENTATIONS = YES;
				CLANG_WARN_DIRECT_OBJC_ISA_USAGE = YES_ERROR;
				CLANG_WARN_DOCUMENTATION_COMMENTS = YES;
				CLANG_WARN_EMPTY_BODY = YES;
				CLANG_WARN_ENUM_CONVERSION = YES;
				CLANG_WARN_INFINITE_RECURSION = YES;
				CLANG_WARN_INT_CONVERSION = YES;
				CLANG_WARN_NON_LITERAL_NULL_CONVERSION = YES;
				CLANG_WARN_OBJC_IMPLICIT_RETAIN_SELF = YES;
				CLANG_WARN_OBJC_LITERAL_CONVERSION = YES;
				CLANG_WARN_OBJC_ROOT_CLASS = YES_ERROR;
				CLANG_WARN_RANGE_LOOP_ANALYSIS = YES;
				CLANG_WARN_STRICT_PROTOTYPES = YES;
				CLANG_WARN_SUSPICIOUS_MOVE = YES;
				CLANG_WARN_UNGUARDED_AVAILABILITY = YES_AGGRESSIVE;
				CLANG_WARN_UNREACHABLE_CODE = YES;
				CLANG_WARN__DUPLICATE_METHOD_MATCH = YES;
				CODE_SIGN_IDENTITY = "iPhone Developer";
				COPY_PHASE_STRIP = NO;
				DEBUG_INFORMATION_FORMAT = dwarf;
				ENABLE_STRICT_OBJC_MSGSEND = YES;
				ENABLE_TESTABILITY = YES;
				GCC_C_LANGUAGE_STANDARD = gnu11;
				GCC_DYNAMIC_NO_PIC = NO;
				GCC_NO_COMMON_BLOCKS = YES;
				GCC_OPTIMIZATION_LEVEL = 0;
				GCC_PREPROCESSOR_DEFINITIONS = (
					"DEBUG=1",
					"$(inherited)",
				);
				GCC_WARN_64_TO_32_BIT_CONVERSION = YES;
				GCC_WARN_ABOUT_RETURN_TYPE = YES_ERROR;
				GCC_WARN_UNDECLARED_SELECTOR = YES;
				GCC_WARN_UNINITIALIZED_AUTOS = YES_AGGRESSIVE;
				GCC_WARN_UNUSED_FUNCTION = YES;
				GCC_WARN_UNUSED_VARIABLE = YES;
				IPHONEOS_DEPLOYMENT_TARGET = 11.3;
				MTL_ENABLE_DEBUG_INFO = YES;
				ONLY_ACTIVE_ARCH = YES;
				SDKROOT = iphoneos;
			};
			name = Debug;
		};
		4B92A7D920F5AB89005B6EEE /* Release */ = {
			isa = XCBuildConfiguration;
			buildSettings = {
				ALWAYS_SEARCH_USER_PATHS = NO;
				CLANG_ANALYZER_NONNULL = YES;
				CLANG_ANALYZER_NUMBER_OBJECT_CONVERSION = YES_AGGRESSIVE;
				CLANG_CXX_LANGUAGE_STANDARD = "gnu++14";
				CLANG_CXX_LIBRARY = "libc++";
				CLANG_ENABLE_MODULES = YES;
				CLANG_ENABLE_OBJC_ARC = YES;
				CLANG_ENABLE_OBJC_WEAK = YES;
				CLANG_WARN_BLOCK_CAPTURE_AUTORELEASING = YES;
				CLANG_WARN_BOOL_CONVERSION = YES;
				CLANG_WARN_COMMA = YES;
				CLANG_WARN_CONSTANT_CONVERSION = YES;
				CLANG_WARN_DEPRECATED_OBJC_IMPLEMENTATIONS = YES;
				CLANG_WARN_DIRECT_OBJC_ISA_USAGE = YES_ERROR;
				CLANG_WARN_DOCUMENTATION_COMMENTS = YES;
				CLANG_WARN_EMPTY_BODY = YES;
				CLANG_WARN_ENUM_CONVERSION = YES;
				CLANG_WARN_INFINITE_RECURSION = YES;
				CLANG_WARN_INT_CONVERSION = YES;
				CLANG_WARN_NON_LITERAL_NULL_CONVERSION = YES;
				CLANG_WARN_OBJC_IMPLICIT_RETAIN_SELF = YES;
				CLANG_WARN_OBJC_LITERAL_CONVERSION = YES;
				CLANG_WARN_OBJC_ROOT_CLASS = YES_ERROR;
				CLANG_WARN_RANGE_LOOP_ANALYSIS = YES;
				CLANG_WARN_STRICT_PROTOTYPES = YES;
				CLANG_WARN_SUSPICIOUS_MOVE = YES;
				CLANG_WARN_UNGUARDED_AVAILABILITY = YES_AGGRESSIVE;
				CLANG_WARN_UNREACHABLE_CODE = YES;
				CLANG_WARN__DUPLICATE_METHOD_MATCH = YES;
				CODE_SIGN_IDENTITY = "iPhone Developer";
				COPY_PHASE_STRIP = NO;
				DEBUG_INFORMATION_FORMAT = "dwarf-with-dsym";
				ENABLE_NS_ASSERTIONS = NO;
				ENABLE_STRICT_OBJC_MSGSEND = YES;
				GCC_C_LANGUAGE_STANDARD = gnu11;
				GCC_NO_COMMON_BLOCKS = YES;
				GCC_WARN_64_TO_32_BIT_CONVERSION = YES;
				GCC_WARN_ABOUT_RETURN_TYPE = YES_ERROR;
				GCC_WARN_UNDECLARED_SELECTOR = YES;
				GCC_WARN_UNINITIALIZED_AUTOS = YES_AGGRESSIVE;
				GCC_WARN_UNUSED_FUNCTION = YES;
				GCC_WARN_UNUSED_VARIABLE = YES;
				IPHONEOS_DEPLOYMENT_TARGET = 11.3;
				MTL_ENABLE_DEBUG_INFO = NO;
				SDKROOT = iphoneos;
				VALIDATE_PRODUCT = YES;
			};
			name = Release;
		};
		4B92A7DB20F5AB89005B6EEE /* Debug */ = {
			isa = XCBuildConfiguration;
			buildSettings = {
				ASSETCATALOG_COMPILER_APPICON_NAME = AppIcon;
				CODE_SIGN_STYLE = Automatic;
				INFOPLIST_FILE = CarSDKiOS/Info.plist;
				LD_RUNPATH_SEARCH_PATHS = (
					"$(inherited)",
					"@executable_path/Frameworks",
				);
				PRODUCT_BUNDLE_IDENTIFIER = freedom.CarSDKiOS;
				PRODUCT_NAME = "$(TARGET_NAME)";
				TARGETED_DEVICE_FAMILY = "1,2";
			};
			name = Debug;
		};
		4B92A7DC20F5AB89005B6EEE /* Release */ = {
			isa = XCBuildConfiguration;
			buildSettings = {
				ASSETCATALOG_COMPILER_APPICON_NAME = AppIcon;
				CODE_SIGN_STYLE = Automatic;
				INFOPLIST_FILE = CarSDKiOS/Info.plist;
				LD_RUNPATH_SEARCH_PATHS = (
					"$(inherited)",
					"@executable_path/Frameworks",
				);
				PRODUCT_BUNDLE_IDENTIFIER = freedom.CarSDKiOS;
				PRODUCT_NAME = "$(TARGET_NAME)";
				TARGETED_DEVICE_FAMILY = "1,2";
			};
			name = Release;
		};
/* End XCBuildConfiguration section */

/* Begin XCConfigurationList section */
		4B92A7BF20F5AB89005B6EEE /* Build configuration list for PBXProject "CarSDKiOS" */ = {
			isa = XCConfigurationList;
			buildConfigurations = (
				4B92A7D820F5AB89005B6EEE /* Debug */,
				4B92A7D920F5AB89005B6EEE /* Release */,
			);
			defaultConfigurationIsVisible = 0;
			defaultConfigurationName = Release;
		};
		4B92A7DA20F5AB89005B6EEE /* Build configuration list for PBXNativeTarget "CarSDKiOS" */ = {
			isa = XCConfigurationList;
			buildConfigurations = (
				4B92A7DB20F5AB89005B6EEE /* Debug */,
				4B92A7DC20F5AB89005B6EEE /* Release */,
			);
			defaultConfigurationIsVisible = 0;
			defaultConfigurationName = Release;
		};
/* End XCConfigurationList section */
	};
	rootObject = 4B92A7BC20F5AB89005B6EEE /* Project object */;
}
